
Microsoft Visual Studio Solution File, Format Version 12.00
# Visual Studio Version 16
VisualStudioVersion = 16.0.29911.84
MinimumVisualStudioVersion = 10.0.40219.1
Project("{FAE04EC0-301F-11D3-BF4B-00C04F79EFBC}") = "TrabBimestral.Model", "TrabBimestral.Model.csproj", "{FF6732FB-D7B4-42EB-BA3B-3B471CF41C31}"
EndProject
Project("{FAE04EC0-301F-11D3-BF4B-00C04F79EFBC}") = "TrabBimestral.View", "..\TrabBimestral.view\TrabBimestral.View.csproj", "{2DD5637B-CC71-4DC7-8C5D-B76C663D2959}"
EndProject
Global
	GlobalSection(SolutionConfigurationPlatforms) = preSolution
		Debug|Any CPU = Debug|Any CPU
		Release|Any CPU = Release|Any CPU
	EndGlobalSection
	GlobalSection(ProjectConfigurationPlatforms) = postSolution
		{FF6732FB-D7B4-42EB-BA3B-3B471CF41C31}.Debug|Any CPU.ActiveCfg = Debug|Any CPU
		{FF6732FB-D7B4-42EB-BA3B-3B471CF41C31}.Debug|Any CPU.Build.0 = Debug|Any CPU
		{FF6732FB-D7B4-42EB-BA3B-3B471CF41C31}.Release|Any CPU.ActiveCfg = Release|Any CPU
		{FF6732FB-D7B4-42EB-BA3B-3B471CF41C31}.Release|Any CPU.Build.0 = Release|Any CPU
		{2DD5637B-CC71-4DC7-8C5D-B76C663D2959}.Debug|Any CPU.ActiveCfg = Debug|Any CPU
		{2DD5637B-CC71-4DC7-8C5D-B76C663D2959}.Debug|Any CPU.Build.0 = Debug|Any CPU
		{2DD5637B-CC71-4DC7-8C5D-B76C663D2959}.Release|Any CPU.ActiveCfg = Release|Any CPU
		{2DD5637B-CC71-4DC7-8C5D-B76C663D2959}.Release|Any CPU.Build.0 = Release|Any CPU
	EndGlobalSection
	GlobalSection(SolutionProperties) = preSolution
		HideSolutionNode = FALSE
	EndGlobalSection
	GlobalSection(ExtensibilityGlobals) = postSolution
		SolutionGuid = {CDEAE6CC-ADE8-4A92-B3CA-7DB0DB5192B6}
	EndGlobalSection
EndGlobal
